
Microsoft Visual Studio Solution File, Format Version 12.00
# Visual Studio Version 17
VisualStudioVersion = 17.4.33110.190
MinimumVisualStudioVersion = 10.0.40219.1
Project("{FAE04EC0-301F-11D3-BF4B-00C04F79EFBC}") = "GestoreDBMS", "GestoreDBMS.csproj", "{DEA84A8B-EF57-452F-863F-3FECEED053BD}"
EndProject
Global
	GlobalSection(SolutionConfigurationPlatforms) = preSolution
		Debug|Any CPU = Debug|Any CPU
		Release|Any CPU = Release|Any CPU
	EndGlobalSection
	GlobalSection(ProjectConfigurationPlatforms) = postSolution
		{DEA84A8B-EF57-452F-863F-3FECEED053BD}.Debug|Any CPU.ActiveCfg = Debug|Any CPU
		{DEA84A8B-EF57-452F-863F-3FECEED053BD}.Debug|Any CPU.Build.0 = Debug|Any CPU
		{DEA84A8B-EF57-452F-863F-3FECEED053BD}.Release|Any CPU.ActiveCfg = Release|Any CPU
		{DEA84A8B-EF57-452F-863F-3FECEED053BD}.Release|Any CPU.Build.0 = Release|Any CPU
	EndGlobalSection
	GlobalSection(SolutionProperties) = preSolution
		HideSolutionNode = FALSE
	EndGlobalSection
	GlobalSection(ExtensibilityGlobals) = postSolution
		SolutionGuid = {4EB14DEA-1901-4A5F-BD4B-D163E4B79DB1}
	EndGlobalSection
EndGlobal
